// !$*UTF8*$!
{
	archiveVersion = 1;
	classes = {
	};
	objectVersion = 55;
	objects = {

/* Begin PBXBuildFile section */
		15AA663D4187E3DACFDDCDE2 /* Pods_VHExtension_VHExtensionTests.framework in Frameworks */ = {isa = PBXBuildFile; fileRef = AA97A6441FEA84B47D236172 /* Pods_VHExtension_VHExtensionTests.framework */; };
		2E4C451E2EB4314D1FECAC5D /* Pods_VHExtension.framework in Frameworks */ = {isa = PBXBuildFile; fileRef = D37C995E677B9221C38C7E10 /* Pods_VHExtension.framework */; };
		4542599D2877F4A90092F445 /* VHExtension.docc in Sources */ = {isa = PBXBuildFile; fileRef = 4542599C2877F4A90092F445 /* VHExtension.docc */; };
		454259A32877F4AA0092F445 /* VHExtension.framework in Frameworks */ = {isa = PBXBuildFile; fileRef = 454259982877F4A90092F445 /* VHExtension.framework */; };
		454259A82877F4AA0092F445 /* VHExtensionTests.swift in Sources */ = {isa = PBXBuildFile; fileRef = 454259A72877F4AA0092F445 /* VHExtensionTests.swift */; };
		454259A92877F4AA0092F445 /* VHExtension.h in Headers */ = {isa = PBXBuildFile; fileRef = 4542599B2877F4A90092F445 /* VHExtension.h */; settings = {ATTRIBUTES = (Public, ); }; };
		454259B32877F5150092F445 /* NotificationViewControllerParent.swift in Sources */ = {isa = PBXBuildFile; fileRef = 454259B22877F5150092F445 /* NotificationViewControllerParent.swift */; };
/* End PBXBuildFile section */

/* Begin PBXContainerItemProxy section */
		454259A42877F4AA0092F445 /* PBXContainerItemProxy */ = {
			isa = PBXContainerItemProxy;
			containerPortal = 4542598F2877F4A90092F445 /* Project object */;
			proxyType = 1;
			remoteGlobalIDString = 454259972877F4A90092F445;
			remoteInfo = VHExtension;
		};
/* End PBXContainerItemProxy section */

/* Begin PBXFileReference section */
		454259982877F4A90092F445 /* VHExtension.framework */ = {isa = PBXFileReference; explicitFileType = wrapper.framework; includeInIndex = 0; path = VHExtension.framework; sourceTree = BUILT_PRODUCTS_DIR; };
		4542599B2877F4A90092F445 /* VHExtension.h */ = {isa = PBXFileReference; lastKnownFileType = sourcecode.c.h; path = VHExtension.h; sourceTree = "<group>"; };
		4542599C2877F4A90092F445 /* VHExtension.docc */ = {isa = PBXFileReference; lastKnownFileType = folder.documentationcatalog; path = VHExtension.docc; sourceTree = "<group>"; };
		454259A22877F4AA0092F445 /* VHExtensionTests.xctest */ = {isa = PBXFileReference; explicitFileType = wrapper.cfbundle; includeInIndex = 0; path = VHExtensionTests.xctest; sourceTree = BUILT_PRODUCTS_DIR; };
		454259A72877F4AA0092F445 /* VHExtensionTests.swift */ = {isa = PBXFileReference; lastKnownFileType = sourcecode.swift; path = VHExtensionTests.swift; sourceTree = "<group>"; };
		454259B22877F5150092F445 /* NotificationViewControllerParent.swift */ = {isa = PBXFileReference; lastKnownFileType = sourcecode.swift; path = NotificationViewControllerParent.swift; sourceTree = "<group>"; };
		74F463998506BE7F2561B88E /* Pods-VHExtension-VHExtensionTests.debug.xcconfig */ = {isa = PBXFileReference; includeInIndex = 1; lastKnownFileType = text.xcconfig; name = "Pods-VHExtension-VHExtensionTests.debug.xcconfig"; path = "Target Support Files/Pods-VHExtension-VHExtensionTests/Pods-VHExtension-VHExtensionTests.debug.xcconfig"; sourceTree = "<group>"; };
		AA97A6441FEA84B47D236172 /* Pods_VHExtension_VHExtensionTests.framework */ = {isa = PBXFileReference; explicitFileType = wrapper.framework; includeInIndex = 0; path = Pods_VHExtension_VHExtensionTests.framework; sourceTree = BUILT_PRODUCTS_DIR; };
		BD499929B30AEFBF54D87D13 /* Pods-VHExtension.debug.xcconfig */ = {isa = PBXFileReference; includeInIndex = 1; lastKnownFileType = text.xcconfig; name = "Pods-VHExtension.debug.xcconfig"; path = "Target Support Files/Pods-VHExtension/Pods-VHExtension.debug.xcconfig"; sourceTree = "<group>"; };
		D37C995E677B9221C38C7E10 /* Pods_VHExtension.framework */ = {isa = PBXFileReference; explicitFileType = wrapper.framework; includeInIndex = 0; path = Pods_VHExtension.framework; sourceTree = BUILT_PRODUCTS_DIR; };
		D825AADC5B98782952E2497C /* Pods-VHExtension-VHExtensionTests.release.xcconfig */ = {isa = PBXFileReference; includeInIndex = 1; lastKnownFileType = text.xcconfig; name = "Pods-VHExtension-VHExtensionTests.release.xcconfig"; path = "Target Support Files/Pods-VHExtension-VHExtensionTests/Pods-VHExtension-VHExtensionTests.release.xcconfig"; sourceTree = "<group>"; };
		F616AB2A675FB7EF8D879F66 /* Pods-VHExtension.release.xcconfig */ = {isa = PBXFileReference; includeInIndex = 1; lastKnownFileType = text.xcconfig; name = "Pods-VHExtension.release.xcconfig"; path = "Target Support Files/Pods-VHExtension/Pods-VHExtension.release.xcconfig"; sourceTree = "<group>"; };
/* End PBXFileReference section */

/* Begin PBXFrameworksBuildPhase section */
		454259952877F4A90092F445 /* Frameworks */ = {
			isa = PBXFrameworksBuildPhase;
			buildActionMask = 2147483647;
			files = (
				2E4C451E2EB4314D1FECAC5D /* Pods_VHExtension.framework in Frameworks */,
			);
			runOnlyForDeploymentPostprocessing = 0;
		};
		4542599F2877F4AA0092F445 /* Frameworks */ = {
			isa = PBXFrameworksBuildPhase;
			buildActionMask = 2147483647;
			files = (
				454259A32877F4AA0092F445 /* VHExtension.framework in Frameworks */,
				15AA663D4187E3DACFDDCDE2 /* Pods_VHExtension_VHExtensionTests.framework in Frameworks */,
			);
			runOnlyForDeploymentPostprocessing = 0;
		};
/* End PBXFrameworksBuildPhase section */

/* Begin PBXGroup section */
		4542598E2877F4A90092F445 = {
			isa = PBXGroup;
			children = (
				4542599A2877F4A90092F445 /* VHExtension */,
				454259A62877F4AA0092F445 /* VHExtensionTests */,
				454259992877F4A90092F445 /* Products */,
				B6996FDA3F290B3BB039A696 /* Pods */,
				631E395E18B6B5BCA44FF858 /* Frameworks */,
			);
			sourceTree = "<group>";
		};
		454259992877F4A90092F445 /* Products */ = {
			isa = PBXGroup;
			children = (
				454259982877F4A90092F445 /* VHExtension.framework */,
				454259A22877F4AA0092F445 /* VHExtensionTests.xctest */,
			);
			name = Products;
			sourceTree = "<group>";
		};
		4542599A2877F4A90092F445 /* VHExtension */ = {
			isa = PBXGroup;
			children = (
				4542599B2877F4A90092F445 /* VHExtension.h */,
				4542599C2877F4A90092F445 /* VHExtension.docc */,
				454259B22877F5150092F445 /* NotificationViewControllerParent.swift */,
			);
			path = VHExtension;
			sourceTree = "<group>";
		};
		454259A62877F4AA0092F445 /* VHExtensionTests */ = {
			isa = PBXGroup;
			children = (
				454259A72877F4AA0092F445 /* VHExtensionTests.swift */,
			);
			path = VHExtensionTests;
			sourceTree = "<group>";
		};
		631E395E18B6B5BCA44FF858 /* Frameworks */ = {
			isa = PBXGroup;
			children = (
				D37C995E677B9221C38C7E10 /* Pods_VHExtension.framework */,
				AA97A6441FEA84B47D236172 /* Pods_VHExtension_VHExtensionTests.framework */,
			);
			name = Frameworks;
			sourceTree = "<group>";
		};
		B6996FDA3F290B3BB039A696 /* Pods */ = {
			isa = PBXGroup;
			children = (
				BD499929B30AEFBF54D87D13 /* Pods-VHExtension.debug.xcconfig */,
				F616AB2A675FB7EF8D879F66 /* Pods-VHExtension.release.xcconfig */,
				74F463998506BE7F2561B88E /* Pods-VHExtension-VHExtensionTests.debug.xcconfig */,
				D825AADC5B98782952E2497C /* Pods-VHExtension-VHExtensionTests.release.xcconfig */,
			);
			name = Pods;
			path = Pods;
			sourceTree = "<group>";
		};
/* End PBXGroup section */

/* Begin PBXHeadersBuildPhase section */
		454259932877F4A90092F445 /* Headers */ = {
			isa = PBXHeadersBuildPhase;
			buildActionMask = 2147483647;
			files = (
				454259A92877F4AA0092F445 /* VHExtension.h in Headers */,
			);
			runOnlyForDeploymentPostprocessing = 0;
		};
/* End PBXHeadersBuildPhase section */

/* Begin PBXNativeTarget section */
		454259972877F4A90092F445 /* VHExtension */ = {
			isa = PBXNativeTarget;
			buildConfigurationList = 454259AC2877F4AA0092F445 /* Build configuration list for PBXNativeTarget "VHExtension" */;
			buildPhases = (
				D5AD3244CE9699DB8ED53B82 /* [CP] Check Pods Manifest.lock */,
				454259932877F4A90092F445 /* Headers */,
				454259942877F4A90092F445 /* Sources */,
				454259952877F4A90092F445 /* Frameworks */,
				454259962877F4A90092F445 /* Resources */,
			);
			buildRules = (
			);
			dependencies = (
			);
			name = VHExtension;
			productName = VHExtension;
			productReference = 454259982877F4A90092F445 /* VHExtension.framework */;
			productType = "com.apple.product-type.framework";
		};
		454259A12877F4AA0092F445 /* VHExtensionTests */ = {
			isa = PBXNativeTarget;
			buildConfigurationList = 454259AF2877F4AA0092F445 /* Build configuration list for PBXNativeTarget "VHExtensionTests" */;
			buildPhases = (
				767B25BB7DDD9DCC9CB770F3 /* [CP] Check Pods Manifest.lock */,
				4542599E2877F4AA0092F445 /* Sources */,
				4542599F2877F4AA0092F445 /* Frameworks */,
				454259A02877F4AA0092F445 /* Resources */,
				B83A894AFF26BB826D8AA57B /* [CP] Embed Pods Frameworks */,
			);
			buildRules = (
			);
			dependencies = (
				454259A52877F4AA0092F445 /* PBXTargetDependency */,
			);
			name = VHExtensionTests;
			productName = VHExtensionTests;
			productReference = 454259A22877F4AA0092F445 /* VHExtensionTests.xctest */;
			productType = "com.apple.product-type.bundle.unit-test";
		};
/* End PBXNativeTarget section */

/* Begin PBXProject section */
		4542598F2877F4A90092F445 /* Project object */ = {
			isa = PBXProject;
			attributes = {
				BuildIndependentTargetsInParallel = 1;
				LastSwiftUpdateCheck = 1340;
				LastUpgradeCheck = 1340;
				TargetAttributes = {
					454259972877F4A90092F445 = {
						CreatedOnToolsVersion = 13.4.1;
					};
					454259A12877F4AA0092F445 = {
						CreatedOnToolsVersion = 13.4.1;
					};
				};
			};
			buildConfigurationList = 454259922877F4A90092F445 /* Build configuration list for PBXProject "VHExtension" */;
			compatibilityVersion = "Xcode 13.0";
			developmentRegion = en;
			hasScannedForEncodings = 0;
			knownRegions = (
				en,
				Base,
			);
			mainGroup = 4542598E2877F4A90092F445;
			productRefGroup = 454259992877F4A90092F445 /* Products */;
			projectDirPath = "";
			projectRoot = "";
			targets = (
				454259972877F4A90092F445 /* VHExtension */,
				454259A12877F4AA0092F445 /* VHExtensionTests */,
			);
		};
/* End PBXProject section */

/* Begin PBXResourcesBuildPhase section */
		454259962877F4A90092F445 /* Resources */ = {
			isa = PBXResourcesBuildPhase;
			buildActionMask = 2147483647;
			files = (
			);
			runOnlyForDeploymentPostprocessing = 0;
		};
		454259A02877F4AA0092F445 /* Resources */ = {
			isa = PBXResourcesBuildPhase;
			buildActionMask = 2147483647;
			files = (
			);
			runOnlyForDeploymentPostprocessing = 0;
		};
/* End PBXResourcesBuildPhase section */

/* Begin PBXShellScriptBuildPhase section */
		767B25BB7DDD9DCC9CB770F3 /* [CP] Check Pods Manifest.lock */ = {
			isa = PBXShellScriptBuildPhase;
			buildActionMask = 2147483647;
			files = (
			);
			inputFileListPaths = (
			);
			inputPaths = (
				"${PODS_PODFILE_DIR_PATH}/Podfile.lock",
				"${PODS_ROOT}/Manifest.lock",
			);
			name = "[CP] Check Pods Manifest.lock";
			outputFileListPaths = (
			);
			outputPaths = (
				"$(DERIVED_FILE_DIR)/Pods-VHExtension-VHExtensionTests-checkManifestLockResult.txt",
			);
			runOnlyForDeploymentPostprocessing = 0;
			shellPath = /bin/sh;
			shellScript = "diff \"${PODS_PODFILE_DIR_PATH}/Podfile.lock\" \"${PODS_ROOT}/Manifest.lock\" > /dev/null\nif [ $? != 0 ] ; then\n    # print error to STDERR\n    echo \"error: The sandbox is not in sync with the Podfile.lock. Run 'pod install' or update your CocoaPods installation.\" >&2\n    exit 1\nfi\n# This output is used by Xcode 'outputs' to avoid re-running this script phase.\necho \"SUCCESS\" > \"${SCRIPT_OUTPUT_FILE_0}\"\n";
			showEnvVarsInLog = 0;
		};
		B83A894AFF26BB826D8AA57B /* [CP] Embed Pods Frameworks */ = {
			isa = PBXShellScriptBuildPhase;
			buildActionMask = 2147483647;
			files = (
			);
			inputFileListPaths = (
				"${PODS_ROOT}/Target Support Files/Pods-VHExtension-VHExtensionTests/Pods-VHExtension-VHExtensionTests-frameworks-${CONFIGURATION}-input-files.xcfilelist",
			);
			name = "[CP] Embed Pods Frameworks";
			outputFileListPaths = (
				"${PODS_ROOT}/Target Support Files/Pods-VHExtension-VHExtensionTests/Pods-VHExtension-VHExtensionTests-frameworks-${CONFIGURATION}-output-files.xcfilelist",
			);
			runOnlyForDeploymentPostprocessing = 0;
			shellPath = /bin/sh;
			shellScript = "\"${PODS_ROOT}/Target Support Files/Pods-VHExtension-VHExtensionTests/Pods-VHExtension-VHExtensionTests-frameworks.sh\"\n";
			showEnvVarsInLog = 0;
		};
		D5AD3244CE9699DB8ED53B82 /* [CP] Check Pods Manifest.lock */ = {
			isa = PBXShellScriptBuildPhase;
			buildActionMask = 2147483647;
			files = (
			);
			inputFileListPaths = (
			);
			inputPaths = (
				"${PODS_PODFILE_DIR_PATH}/Podfile.lock",
				"${PODS_ROOT}/Manifest.lock",
			);
			name = "[CP] Check Pods Manifest.lock";
			outputFileListPaths = (
			);
			outputPaths = (
				"$(DERIVED_FILE_DIR)/Pods-VHExtension-checkManifestLockResult.txt",
			);
			runOnlyForDeploymentPostprocessing = 0;
			shellPath = /bin/sh;
			shellScript = "diff \"${PODS_PODFILE_DIR_PATH}/Podfile.lock\" \"${PODS_ROOT}/Manifest.lock\" > /dev/null\nif [ $? != 0 ] ; then\n    # print error to STDERR\n    echo \"error: The sandbox is not in sync with the Podfile.lock. Run 'pod install' or update your CocoaPods installation.\" >&2\n    exit 1\nfi\n# This output is used by Xcode 'outputs' to avoid re-running this script phase.\necho \"SUCCESS\" > \"${SCRIPT_OUTPUT_FILE_0}\"\n";
			showEnvVarsInLog = 0;
		};
/* End PBXShellScriptBuildPhase section */

/* Begin PBXSourcesBuildPhase section */
		454259942877F4A90092F445 /* Sources */ = {
			isa = PBXSourcesBuildPhase;
			buildActionMask = 2147483647;
			files = (
				454259B32877F5150092F445 /* NotificationViewControllerParent.swift in Sources */,
				4542599D2877F4A90092F445 /* VHExtension.docc in Sources */,
			);
			runOnlyForDeploymentPostprocessing = 0;
		};
		4542599E2877F4AA0092F445 /* Sources */ = {
			isa = PBXSourcesBuildPhase;
			buildActionMask = 2147483647;
			files = (
				454259A82877F4AA0092F445 /* VHExtensionTests.swift in Sources */,
			);
			runOnlyForDeploymentPostprocessing = 0;
		};
/* End PBXSourcesBuildPhase section */

/* Begin PBXTargetDependency section */
		454259A52877F4AA0092F445 /* PBXTargetDependency */ = {
			isa = PBXTargetDependency;
			target = 454259972877F4A90092F445 /* VHExtension */;
			targetProxy = 454259A42877F4AA0092F445 /* PBXContainerItemProxy */;
		};
/* End PBXTargetDependency section */

/* Begin XCBuildConfiguration section */
		454259AA2877F4AA0092F445 /* Debug */ = {
			isa = XCBuildConfiguration;
			buildSettings = {
				ALWAYS_SEARCH_USER_PATHS = NO;
				CLANG_ANALYZER_NONNULL = YES;
				CLANG_ANALYZER_NUMBER_OBJECT_CONVERSION = YES_AGGRESSIVE;
				CLANG_CXX_LANGUAGE_STANDARD = "gnu++17";
				CLANG_ENABLE_MODULES = YES;
				CLANG_ENABLE_OBJC_ARC = YES;
				CLANG_ENABLE_OBJC_WEAK = YES;
				CLANG_WARN_BLOCK_CAPTURE_AUTORELEASING = YES;
				CLANG_WARN_BOOL_CONVERSION = YES;
				CLANG_WARN_COMMA = YES;
				CLANG_WARN_CONSTANT_CONVERSION = YES;
				CLANG_WARN_DEPRECATED_OBJC_IMPLEMENTATIONS = YES;
				CLANG_WARN_DIRECT_OBJC_ISA_USAGE = YES_ERROR;
				CLANG_WARN_DOCUMENTATION_COMMENTS = YES;
				CLANG_WARN_EMPTY_BODY = YES;
				CLANG_WARN_ENUM_CONVERSION = YES;
				CLANG_WARN_INFINITE_RECURSION = YES;
				CLANG_WARN_INT_CONVERSION = YES;
				CLANG_WARN_NON_LITERAL_NULL_CONVERSION = YES;
				CLANG_WARN_OBJC_IMPLICIT_RETAIN_SELF = YES;
				CLANG_WARN_OBJC_LITERAL_CONVERSION = YES;
				CLANG_WARN_OBJC_ROOT_CLASS = YES_ERROR;
				CLANG_WARN_QUOTED_INCLUDE_IN_FRAMEWORK_HEADER = YES;
				CLANG_WARN_RANGE_LOOP_ANALYSIS = YES;
				CLANG_WARN_STRICT_PROTOTYPES = YES;
				CLANG_WARN_SUSPICIOUS_MOVE = YES;
				CLANG_WARN_UNGUARDED_AVAILABILITY = YES_AGGRESSIVE;
				CLANG_WARN_UNREACHABLE_CODE = YES;
				CLANG_WARN__DUPLICATE_METHOD_MATCH = YES;
				COPY_PHASE_STRIP = NO;
				CURRENT_PROJECT_VERSION = 1;
				DEBUG_INFORMATION_FORMAT = dwarf;
				ENABLE_STRICT_OBJC_MSGSEND = YES;
				ENABLE_TESTABILITY = YES;
				GCC_C_LANGUAGE_STANDARD = gnu11;
				GCC_DYNAMIC_NO_PIC = NO;
				GCC_NO_COMMON_BLOCKS = YES;
				GCC_OPTIMIZATION_LEVEL = 0;
				GCC_PREPROCESSOR_DEFINITIONS = (
					"DEBUG=1",
					"$(inherited)",
				);
				GCC_WARN_64_TO_32_BIT_CONVERSION = YES;
				GCC_WARN_ABOUT_RETURN_TYPE = YES_ERROR;
				GCC_WARN_UNDECLARED_SELECTOR = YES;
				GCC_WARN_UNINITIALIZED_AUTOS = YES_AGGRESSIVE;
				GCC_WARN_UNUSED_FUNCTION = YES;
				GCC_WARN_UNUSED_VARIABLE = YES;
				IPHONEOS_DEPLOYMENT_TARGET = 15.5;
				MTL_ENABLE_DEBUG_INFO = INCLUDE_SOURCE;
				MTL_FAST_MATH = YES;
				ONLY_ACTIVE_ARCH = YES;
				SDKROOT = iphoneos;
				SWIFT_ACTIVE_COMPILATION_CONDITIONS = DEBUG;
				SWIFT_OPTIMIZATION_LEVEL = "-Onone";
				VERSIONING_SYSTEM = "apple-generic";
				VERSION_INFO_PREFIX = "";
			};
			name = Debug;
		};
		454259AB2877F4AA0092F445 /* Release */ = {
			isa = XCBuildConfiguration;
			buildSettings = {
				ALWAYS_SEARCH_USER_PATHS = NO;
				CLANG_ANALYZER_NONNULL = YES;
				CLANG_ANALYZER_NUMBER_OBJECT_CONVERSION = YES_AGGRESSIVE;
				CLANG_CXX_LANGUAGE_STANDARD = "gnu++17";
				CLANG_ENABLE_MODULES = YES;
				CLANG_ENABLE_OBJC_ARC = YES;
				CLANG_ENABLE_OBJC_WEAK = YES;
				CLANG_WARN_BLOCK_CAPTURE_AUTORELEASING = YES;
				CLANG_WARN_BOOL_CONVERSION = YES;
				CLANG_WARN_COMMA = YES;
				CLANG_WARN_CONSTANT_CONVERSION = YES;
				CLANG_WARN_DEPRECATED_OBJC_IMPLEMENTATIONS = YES;
				CLANG_WARN_DIRECT_OBJC_ISA_USAGE = YES_ERROR;
				CLANG_WARN_DOCUMENTATION_COMMENTS = YES;
				CLANG_WARN_EMPTY_BODY = YES;
				CLANG_WARN_ENUM_CONVERSION = YES;
				CLANG_WARN_INFINITE_RECURSION = YES;
				CLANG_WARN_INT_CONVERSION = YES;
				CLANG_WARN_NON_LITERAL_NULL_CONVERSION = YES;
				CLANG_WARN_OBJC_IMPLICIT_RETAIN_SELF = YES;
				CLANG_WARN_OBJC_LITERAL_CONVERSION = YES;
				CLANG_WARN_OBJC_ROOT_CLASS = YES_ERROR;
				CLANG_WARN_QUOTED_INCLUDE_IN_FRAMEWORK_HEADER = YES;
				CLANG_WARN_RANGE_LOOP_ANALYSIS = YES;
				CLANG_WARN_STRICT_PROTOTYPES = YES;
				CLANG_WARN_SUSPICIOUS_MOVE = YES;
				CLANG_WARN_UNGUARDED_AVAILABILITY = YES_AGGRESSIVE;
				CLANG_WARN_UNREACHABLE_CODE = YES;
				CLANG_WARN__DUPLICATE_METHOD_MATCH = YES;
				COPY_PHASE_STRIP = NO;
				CURRENT_PROJECT_VERSION = 1;
				DEBUG_INFORMATION_FORMAT = "dwarf-with-dsym";
				ENABLE_NS_ASSERTIONS = NO;
				ENABLE_STRICT_OBJC_MSGSEND = YES;
				GCC_C_LANGUAGE_STANDARD = gnu11;
				GCC_NO_COMMON_BLOCKS = YES;
				GCC_WARN_64_TO_32_BIT_CONVERSION = YES;
				GCC_WARN_ABOUT_RETURN_TYPE = YES_ERROR;
				GCC_WARN_UNDECLARED_SELECTOR = YES;
				GCC_WARN_UNINITIALIZED_AUTOS = YES_AGGRESSIVE;
				GCC_WARN_UNUSED_FUNCTION = YES;
				GCC_WARN_UNUSED_VARIABLE = YES;
				IPHONEOS_DEPLOYMENT_TARGET = 15.5;
				MTL_ENABLE_DEBUG_INFO = NO;
				MTL_FAST_MATH = YES;
				SDKROOT = iphoneos;
				SWIFT_COMPILATION_MODE = wholemodule;
				SWIFT_OPTIMIZATION_LEVEL = "-O";
				VALIDATE_PRODUCT = YES;
				VERSIONING_SYSTEM = "apple-generic";
				VERSION_INFO_PREFIX = "";
			};
			name = Release;
		};
		454259AD2877F4AA0092F445 /* Debug */ = {
			isa = XCBuildConfiguration;
			baseConfigurationReference = BD499929B30AEFBF54D87D13 /* Pods-VHExtension.debug.xcconfig */;
			buildSettings = {
				CODE_SIGN_STYLE = Automatic;
				CURRENT_PROJECT_VERSION = 1;
				DEFINES_MODULE = YES;
				DEVELOPMENT_TEAM = S489G82DC6;
				DYLIB_COMPATIBILITY_VERSION = 1;
				DYLIB_CURRENT_VERSION = 1;
				DYLIB_INSTALL_NAME_BASE = "@rpath";
				GENERATE_INFOPLIST_FILE = YES;
				INFOPLIST_KEY_NSHumanReadableCopyright = "";
				INSTALL_PATH = "$(LOCAL_LIBRARY_DIR)/Frameworks";
				LD_RUNPATH_SEARCH_PATHS = (
					"$(inherited)",
					"@executable_path/Frameworks",
					"@loader_path/Frameworks",
				);
				MARKETING_VERSION = 1.0;
				PRODUCT_BUNDLE_IDENTIFIER = com.vibrent.VHExtension;
				PRODUCT_NAME = "$(TARGET_NAME:c99extidentifier)";
				SKIP_INSTALL = YES;
				SWIFT_EMIT_LOC_STRINGS = YES;
				SWIFT_VERSION = 5.0;
				TARGETED_DEVICE_FAMILY = "1,2";
			};
			name = Debug;
		};
		454259AE2877F4AA0092F445 /* Release */ = {
			isa = XCBuildConfiguration;
			baseConfigurationReference = F616AB2A675FB7EF8D879F66 /* Pods-VHExtension.release.xcconfig */;
			buildSettings = {
				CODE_SIGN_STYLE = Automatic;
				CURRENT_PROJECT_VERSION = 1;
				DEFINES_MODULE = YES;
				DEVELOPMENT_TEAM = S489G82DC6;
				DYLIB_COMPATIBILITY_VERSION = 1;
				DYLIB_CURRENT_VERSION = 1;
				DYLIB_INSTALL_NAME_BASE = "@rpath";
				GENERATE_INFOPLIST_FILE = YES;
				INFOPLIST_KEY_NSHumanReadableCopyright = "";
				INSTALL_PATH = "$(LOCAL_LIBRARY_DIR)/Frameworks";
				LD_RUNPATH_SEARCH_PATHS = (
					"$(inherited)",
					"@executable_path/Frameworks",
					"@loader_path/Frameworks",
				);
				MARKETING_VERSION = 1.0;
				PRODUCT_BUNDLE_IDENTIFIER = com.vibrent.VHExtension;
				PRODUCT_NAME = "$(TARGET_NAME:c99extidentifier)";
				SKIP_INSTALL = YES;
				SWIFT_EMIT_LOC_STRINGS = YES;
				SWIFT_VERSION = 5.0;
				TARGETED_DEVICE_FAMILY = "1,2";
			};
			name = Release;
		};
		454259B02877F4AA0092F445 /* Debug */ = {
			isa = XCBuildConfiguration;
			baseConfigurationReference = 74F463998506BE7F2561B88E /* Pods-VHExtension-VHExtensionTests.debug.xcconfig */;
			buildSettings = {
				ALWAYS_EMBED_SWIFT_STANDARD_LIBRARIES = YES;
				CODE_SIGN_STYLE = Automatic;
				CURRENT_PROJECT_VERSION = 1;
				DEVELOPMENT_TEAM = S489G82DC6;
				GENERATE_INFOPLIST_FILE = YES;
				MARKETING_VERSION = 1.0;
				PRODUCT_BUNDLE_IDENTIFIER = com.vibrent.VHExtensionTests;
				PRODUCT_NAME = "$(TARGET_NAME)";
				SWIFT_EMIT_LOC_STRINGS = NO;
				SWIFT_VERSION = 5.0;
				TARGETED_DEVICE_FAMILY = "1,2";
			};
			name = Debug;
		};
		454259B12877F4AA0092F445 /* Release */ = {
			isa = XCBuildConfiguration;
			baseConfigurationReference = D825AADC5B98782952E2497C /* Pods-VHExtension-VHExtensionTests.release.xcconfig */;
			buildSettings = {
				ALWAYS_EMBED_SWIFT_STANDARD_LIBRARIES = YES;
				CODE_SIGN_STYLE = Automatic;
				CURRENT_PROJECT_VERSION = 1;
				DEVELOPMENT_TEAM = S489G82DC6;
				GENERATE_INFOPLIST_FILE = YES;
				MARKETING_VERSION = 1.0;
				PRODUCT_BUNDLE_IDENTIFIER = com.vibrent.VHExtensionTests;
				PRODUCT_NAME = "$(TARGET_NAME)";
				SWIFT_EMIT_LOC_STRINGS = NO;
				SWIFT_VERSION = 5.0;
				TARGETED_DEVICE_FAMILY = "1,2";
			};
			name = Release;
		};
/* End XCBuildConfiguration section */

/* Begin XCConfigurationList section */
		454259922877F4A90092F445 /* Build configuration list for PBXProject "VHExtension" */ = {
			isa = XCConfigurationList;
			buildConfigurations = (
				454259AA2877F4AA0092F445 /* Debug */,
				454259AB2877F4AA0092F445 /* Release */,
			);
			defaultConfigurationIsVisible = 0;
			defaultConfigurationName = Release;
		};
		454259AC2877F4AA0092F445 /* Build configuration list for PBXNativeTarget "VHExtension" */ = {
			isa = XCConfigurationList;
			buildConfigurations = (
				454259AD2877F4AA0092F445 /* Debug */,
				454259AE2877F4AA0092F445 /* Release */,
			);
			defaultConfigurationIsVisible = 0;
			defaultConfigurationName = Release;
		};
		454259AF2877F4AA0092F445 /* Build configuration list for PBXNativeTarget "VHExtensionTests" */ = {
			isa = XCConfigurationList;
			buildConfigurations = (
				454259B02877F4AA0092F445 /* Debug */,
				454259B12877F4AA0092F445 /* Release */,
			);
			defaultConfigurationIsVisible = 0;
			defaultConfigurationName = Release;
		};
/* End XCConfigurationList section */
	};
	rootObject = 4542598F2877F4A90092F445 /* Project object */;
}
